
Microsoft Visual Studio Solution File, Format Version 12.00
Project("{FAE04EC0-301F-11D3-BF4B-00C04F79EFBC}") = "BastideAyebApp", "BastideAyebApp\BastideAyebApp.csproj", "{F8A8C01E-9443-43D2-A680-E0249D1EB588}"
EndProject
Global
	GlobalSection(SolutionConfigurationPlatforms) = preSolution
		Debug|Any CPU = Debug|Any CPU
		Release|Any CPU = Release|Any CPU
	EndGlobalSection
	GlobalSection(ProjectConfigurationPlatforms) = postSolution
		{F8A8C01E-9443-43D2-A680-E0249D1EB588}.Debug|Any CPU.ActiveCfg = Debug|Any CPU
		{F8A8C01E-9443-43D2-A680-E0249D1EB588}.Debug|Any CPU.Build.0 = Debug|Any CPU
		{F8A8C01E-9443-43D2-A680-E0249D1EB588}.Release|Any CPU.ActiveCfg = Release|Any CPU
		{F8A8C01E-9443-43D2-A680-E0249D1EB588}.Release|Any CPU.Build.0 = Release|Any CPU
	EndGlobalSection
EndGlobal
